dependencies:
- name: cargocms-client
  repository: https://chartmuseum.jx.k8s.trunksys.com
  version: 0.0.1
- name: cargocms-netcore2-element
  repository: https://chartmuseum.jx.k8s.trunksys.com
  version: 0.7.5
- name: exposecontroller
  repository: https://chartmuseum.build.cd.jenkins-x.io
  version: 2.3.58
- name: exposecontroller
  repository: https://chartmuseum.build.cd.jenkins-x.io
  version: 2.3.58
digest: sha256:d3e25ac580a22b2228b00e443582586180c962cd57020eecf93502771abbe4d8
generated: 2018-10-16T18:37:44.885398+08:00
